
Microsoft Visual Studio Solution File, Format Version 12.00
# Visual Studio 16
Project("{FAE04EC0-301F-11D3-BF4B-00C04F79EFBC}") = "ProjectAssembly", "ProjectAssembly.csproj", "{C765B461-6967-E3E5-17C9-F5A3DCDC9E6E}"
EndProject
Project("{FAE04EC0-301F-11D3-BF4B-00C04F79EFBC}") = "Tests", "Tests.csproj", "{239204C3-817E-CE96-E5F0-D9EC7A040204}"
EndProject
Global
	GlobalSection(SolutionConfigurationPlatforms) = preSolution
		Debug|Any CPU = Debug|Any CPU
		Release|Any CPU = Release|Any CPU
	EndGlobalSection
	GlobalSection(ProjectConfigurationPlatforms) = postSolution
		{C765B461-6967-E3E5-17C9-F5A3DCDC9E6E}.Debug|Any CPU.ActiveCfg = Debug|Any CPU
		{C765B461-6967-E3E5-17C9-F5A3DCDC9E6E}.Debug|Any CPU.Build.0 = Debug|Any CPU
		{C765B461-6967-E3E5-17C9-F5A3DCDC9E6E}.Release|Any CPU.ActiveCfg = Release|Any CPU
		{C765B461-6967-E3E5-17C9-F5A3DCDC9E6E}.Release|Any CPU.Build.0 = Release|Any CPU
		{239204C3-817E-CE96-E5F0-D9EC7A040204}.Debug|Any CPU.ActiveCfg = Debug|Any CPU
		{239204C3-817E-CE96-E5F0-D9EC7A040204}.Debug|Any CPU.Build.0 = Debug|Any CPU
		{239204C3-817E-CE96-E5F0-D9EC7A040204}.Release|Any CPU.ActiveCfg = Release|Any CPU
		{239204C3-817E-CE96-E5F0-D9EC7A040204}.Release|Any CPU.Build.0 = Release|Any CPU
	EndGlobalSection
	GlobalSection(SolutionProperties) = preSolution
		HideSolutionNode = FALSE
	EndGlobalSection
EndGlobal
